// !$*UTF8*$!
{
	archiveVersion = 1;
	classes = {
	};
	objectVersion = 50;
	objects = {

/* Begin PBXBuildFile section */
		E006498525F336AA00D43F87 /* AddCategoryView.swift in Sources */ = {isa = PBXBuildFile; fileRef = E006498425F336AA00D43F87 /* AddCategoryView.swift */; };
		E013146C25C7EE230024EF84 /* QuizitApp.swift in Sources */ = {isa = PBXBuildFile; fileRef = E013146B25C7EE230024EF84 /* QuizitApp.swift */; };
		E013147025C7EE260024EF84 /* Assets.xcassets in Resources */ = {isa = PBXBuildFile; fileRef = E013146F25C7EE260024EF84 /* Assets.xcassets */; };
		E013147325C7EE260024EF84 /* Preview Assets.xcassets in Resources */ = {isa = PBXBuildFile; fileRef = E013147225C7EE260024EF84 /* Preview Assets.xcassets */; };
		E013147525C7EE260024EF84 /* Persistence.swift in Sources */ = {isa = PBXBuildFile; fileRef = E013147425C7EE260024EF84 /* Persistence.swift */; };
		E013147825C7EE260024EF84 /* Quizit.xcdatamodeld in Sources */ = {isa = PBXBuildFile; fileRef = E013147625C7EE260024EF84 /* Quizit.xcdatamodeld */; };
		E013148525C7EECE0024EF84 /* CloudKit.framework in Frameworks */ = {isa = PBXBuildFile; fileRef = E013148425C7EECE0024EF84 /* CloudKit.framework */; };
		E01314C925C7F6430024EF84 /* ContentView.swift in Sources */ = {isa = PBXBuildFile; fileRef = E01314C825C7F6430024EF84 /* ContentView.swift */; };
		E01314CB25C7F64B0024EF84 /* Assets.xcassets in Resources */ = {isa = PBXBuildFile; fileRef = E01314CA25C7F64B0024EF84 /* Assets.xcassets */; };
		E01314CE25C7F64B0024EF84 /* Preview Assets.xcassets in Resources */ = {isa = PBXBuildFile; fileRef = E01314CD25C7F64B0024EF84 /* Preview Assets.xcassets */; };
		E013369725C7FEDE0024EF84 /* Quizit.xcdatamodeld in Sources */ = {isa = PBXBuildFile; fileRef = E013147625C7EE260024EF84 /* Quizit.xcdatamodeld */; };
		E0259ACA25FAFBB200131564 /* Persistence.swift in Sources */ = {isa = PBXBuildFile; fileRef = E013147425C7EE260024EF84 /* Persistence.swift */; };
		E0259ACB25FAFBB500131564 /* Persistence.swift in Sources */ = {isa = PBXBuildFile; fileRef = E013147425C7EE260024EF84 /* Persistence.swift */; };
		E0259ACC25FAFDF500131564 /* QuizitApp.swift in Sources */ = {isa = PBXBuildFile; fileRef = E013146B25C7EE230024EF84 /* QuizitApp.swift */; };
		E0259ACD25FAFDF500131564 /* QuizitApp.swift in Sources */ = {isa = PBXBuildFile; fileRef = E013146B25C7EE230024EF84 /* QuizitApp.swift */; };
		E0259AD025FB06A200131564 /* AddCategoryView.swift in Sources */ = {isa = PBXBuildFile; fileRef = E0259ACF25FB06A200131564 /* AddCategoryView.swift */; };
		E059EBD825DB4599000619DA /* CategoryDetailView.swift in Sources */ = {isa = PBXBuildFile; fileRef = E059EBD725DB4599000619DA /* CategoryDetailView.swift */; };
		E059EBE525DB461B000619DA /* CategoryDetailView.swift in Sources */ = {isa = PBXBuildFile; fileRef = E059EBE225DB461A000619DA /* CategoryDetailView.swift */; };
		E059EBE625DB461B000619DA /* ContentView.swift in Sources */ = {isa = PBXBuildFile; fileRef = E059EBE325DB461B000619DA /* ContentView.swift */; };
		E059EBE725DB461B000619DA /* AddCategoryView.swift in Sources */ = {isa = PBXBuildFile; fileRef = E059EBE425DB461B000619DA /* AddCategoryView.swift */; };
		E069C09825C885A20049E945 /* CloudKit.framework in Frameworks */ = {isa = PBXBuildFile; fileRef = E069C09725C885A20049E945 /* CloudKit.framework */; };
		E0876EA22605A7F600F32127 /* AddQuestionView.swift in Sources */ = {isa = PBXBuildFile; fileRef = E0876EA12605A7F600F32127 /* AddQuestionView.swift */; };
		E0BF291B260867A20027D599 /* RecordType.swift in Sources */ = {isa = PBXBuildFile; fileRef = E0BF291A260867A20027D599 /* RecordType.swift */; };
		E0BF291C2608683E0027D599 /* RecordType.swift in Sources */ = {isa = PBXBuildFile; fileRef = E0BF291A260867A20027D599 /* RecordType.swift */; };
		E0BF291D2608683F0027D599 /* RecordType.swift in Sources */ = {isa = PBXBuildFile; fileRef = E0BF291A260867A20027D599 /* RecordType.swift */; };
		E0C74C3025F84740001A3B64 /* Assets.xcassets in Resources */ = {isa = PBXBuildFile; fileRef = E0C74C2F25F84740001A3B64 /* Assets.xcassets */; };
		E0C74C3725F84740001A3B64 /* Quizit-watchOS Extension.appex in Embed App Extensions */ = {isa = PBXBuildFile; fileRef = E0C74C3625F84740001A3B64 /* Quizit-watchOS Extension.appex */; settings = {ATTRIBUTES = (RemoveHeadersOnCopy, ); }; };
		E0C74C3C25F84740001A3B64 /* ContentView.swift in Sources */ = {isa = PBXBuildFile; fileRef = E0C74C3B25F84740001A3B64 /* ContentView.swift */; };
		E0C74C4225F84741001A3B64 /* Assets.xcassets in Resources */ = {isa = PBXBuildFile; fileRef = E0C74C4125F84741001A3B64 /* Assets.xcassets */; };
		E0C74C4525F84741001A3B64 /* Preview Assets.xcassets in Resources */ = {isa = PBXBuildFile; fileRef = E0C74C4425F84741001A3B64 /* Preview Assets.xcassets */; };
		E0C74C4925F84741001A3B64 /* Quizit-watchOS.app in Embed Watch Content */ = {isa = PBXBuildFile; fileRef = E0C74C2D25F8473F001A3B64 /* Quizit-watchOS.app */; settings = {ATTRIBUTES = (RemoveHeadersOnCopy, ); }; };
		E0C74C5A25F84826001A3B64 /* CloudKit.framework in Frameworks */ = {isa = PBXBuildFile; fileRef = E069C09A25C885F10049E945 /* CloudKit.framework */; };
		E0C74C5F25F84AD2001A3B64 /* Quizit.xcdatamodeld in Sources */ = {isa = PBXBuildFile; fileRef = E013147625C7EE260024EF84 /* Quizit.xcdatamodeld */; };
		E0C74C6825F84E06001A3B64 /* CategoryDetailView.swift in Sources */ = {isa = PBXBuildFile; fileRef = E059EBE225DB461A000619DA /* CategoryDetailView.swift */; };
		E0CD142E26080D68006A51F2 /* Record+CoreDataClass.swift in Sources */ = {isa = PBXBuildFile; fileRef = E0CD142A26080D68006A51F2 /* Record+CoreDataClass.swift */; };
		E0CD142F26080D68006A51F2 /* Record+CoreDataClass.swift in Sources */ = {isa = PBXBuildFile; fileRef = E0CD142A26080D68006A51F2 /* Record+CoreDataClass.swift */; };
		E0CD143026080D68006A51F2 /* Record+CoreDataClass.swift in Sources */ = {isa = PBXBuildFile; fileRef = E0CD142A26080D68006A51F2 /* Record+CoreDataClass.swift */; };
		E0CD143126080D68006A51F2 /* Record+CoreDataProperties.swift in Sources */ = {isa = PBXBuildFile; fileRef = E0CD142B26080D68006A51F2 /* Record+CoreDataProperties.swift */; };
		E0CD143226080D68006A51F2 /* Record+CoreDataProperties.swift in Sources */ = {isa = PBXBuildFile; fileRef = E0CD142B26080D68006A51F2 /* Record+CoreDataProperties.swift */; };
		E0CD143326080D68006A51F2 /* Record+CoreDataProperties.swift in Sources */ = {isa = PBXBuildFile; fileRef = E0CD142B26080D68006A51F2 /* Record+CoreDataProperties.swift */; };
		E0CD143426080D68006A51F2 /* Category+CoreDataClass.swift in Sources */ = {isa = PBXBuildFile; fileRef = E0CD142C26080D68006A51F2 /* Category+CoreDataClass.swift */; };
		E0CD143526080D68006A51F2 /* Category+CoreDataClass.swift in Sources */ = {isa = PBXBuildFile; fileRef = E0CD142C26080D68006A51F2 /* Category+CoreDataClass.swift */; };
		E0CD143626080D68006A51F2 /* Category+CoreDataClass.swift in Sources */ = {isa = PBXBuildFile; fileRef = E0CD142C26080D68006A51F2 /* Category+CoreDataClass.swift */; };
		E0CD143726080D68006A51F2 /* Category+CoreDataProperties.swift in Sources */ = {isa = PBXBuildFile; fileRef = E0CD142D26080D68006A51F2 /* Category+CoreDataProperties.swift */; };
		E0CD143826080D68006A51F2 /* Category+CoreDataProperties.swift in Sources */ = {isa = PBXBuildFile; fileRef = E0CD142D26080D68006A51F2 /* Category+CoreDataProperties.swift */; };
		E0CD143926080D68006A51F2 /* Category+CoreDataProperties.swift in Sources */ = {isa = PBXBuildFile; fileRef = E0CD142D26080D68006A51F2 /* Category+CoreDataProperties.swift */; };
		E0E71EC225FC888200FBA887 /* AnswerView.swift in Sources */ = {isa = PBXBuildFile; fileRef = E0E71EC125FC888200FBA887 /* AnswerView.swift */; };
		E0E71EC325FC888200FBA887 /* AnswerView.swift in Sources */ = {isa = PBXBuildFile; fileRef = E0E71EC125FC888200FBA887 /* AnswerView.swift */; };
		E0E71EC425FC888200FBA887 /* AnswerView.swift in Sources */ = {isa = PBXBuildFile; fileRef = E0E71EC125FC888200FBA887 /* AnswerView.swift */; };
/* End PBXBuildFile section */

/* Begin PBXContainerItemProxy section */
		E0C74C3825F84740001A3B64 /* PBXContainerItemProxy */ = {
			isa = PBXContainerItemProxy;
			containerPortal = E013146025C7EE230024EF84 /* Project object */;
			proxyType = 1;
			remoteGlobalIDString = E0C74C3525F84740001A3B64;
			remoteInfo = "Quizit-watchOS Extension";
		};
		E0C74C4725F84741001A3B64 /* PBXContainerItemProxy */ = {
			isa = PBXContainerItemProxy;
			containerPortal = E013146025C7EE230024EF84 /* Project object */;
			proxyType = 1;
			remoteGlobalIDString = E0C74C2C25F8473F001A3B64;
			remoteInfo = "Quizit-watchOS";
		};
/* End PBXContainerItemProxy section */

/* Begin PBXCopyFilesBuildPhase section */
		E01314B925C7F2AD0024EF84 /* Embed Watch Content */ = {
			isa = PBXCopyFilesBuildPhase;
			buildActionMask = 2147483647;
			dstPath = "$(CONTENTS_FOLDER_PATH)/Watch";
			dstSubfolderSpec = 16;
			files = (
				E0C74C4925F84741001A3B64 /* Quizit-watchOS.app in Embed Watch Content */,
			);
			name = "Embed Watch Content";
			runOnlyForDeploymentPostprocessing = 0;
		};
		E0C74C4D25F84741001A3B64 /* Embed App Extensions */ = {
			isa = PBXCopyFilesBuildPhase;
			buildActionMask = 2147483647;
			dstPath = "";
			dstSubfolderSpec = 13;
			files = (
				E0C74C3725F84740001A3B64 /* Quizit-watchOS Extension.appex in Embed App Extensions */,
			);
			name = "Embed App Extensions";
			runOnlyForDeploymentPostprocessing = 0;
		};
/* End PBXCopyFilesBuildPhase section */

/* Begin PBXFileReference section */
		E006498425F336AA00D43F87 /* AddCategoryView.swift */ = {isa = PBXFileReference; lastKnownFileType = sourcecode.swift; path = AddCategoryView.swift; sourceTree = "<group>"; };
		E013146825C7EE230024EF84 /* Quizit.app */ = {isa = PBXFileReference; explicitFileType = wrapper.application; includeInIndex = 0; path = Quizit.app; sourceTree = BUILT_PRODUCTS_DIR; };
		E013146B25C7EE230024EF84 /* QuizitApp.swift */ = {isa = PBXFileReference; lastKnownFileType = sourcecode.swift; path = QuizitApp.swift; sourceTree = "<group>"; };
		E013146F25C7EE260024EF84 /* Assets.xcassets */ = {isa = PBXFileReference; lastKnownFileType = folder.assetcatalog; path = Assets.xcassets; sourceTree = "<group>"; };
		E013147225C7EE260024EF84 /* Preview Assets.xcassets */ = {isa = PBXFileReference; lastKnownFileType = folder.assetcatalog; path = "Preview Assets.xcassets"; sourceTree = "<group>"; };
		E013147425C7EE260024EF84 /* Persistence.swift */ = {isa = PBXFileReference; lastKnownFileType = sourcecode.swift; path = Persistence.swift; sourceTree = "<group>"; };
		E013147725C7EE260024EF84 /* Quizit.xcdatamodel */ = {isa = PBXFileReference; lastKnownFileType = wrapper.xcdatamodel; path = Quizit.xcdatamodel; sourceTree = "<group>"; };
		E013147925C7EE260024EF84 /* Info.plist */ = {isa = PBXFileReference; lastKnownFileType = text.plist.xml; path = Info.plist; sourceTree = "<group>"; };
		E013148125C7EEAC0024EF84 /* Quizit.entitlements */ = {isa = PBXFileReference; lastKnownFileType = text.plist.entitlements; path = Quizit.entitlements; sourceTree = "<group>"; };
		E013148425C7EECE0024EF84 /* CloudKit.framework */ = {isa = PBXFileReference; lastKnownFileType = wrapper.framework; name = CloudKit.framework; path = System/Library/Frameworks/CloudKit.framework; sourceTree = SDKROOT; };
		E01314C425C7F6430024EF84 /* Quizit-macOS.app */ = {isa = PBXFileReference; explicitFileType = wrapper.application; includeInIndex = 0; path = "Quizit-macOS.app"; sourceTree = BUILT_PRODUCTS_DIR; };
		E01314C825C7F6430024EF84 /* ContentView.swift */ = {isa = PBXFileReference; lastKnownFileType = sourcecode.swift; path = ContentView.swift; sourceTree = "<group>"; };
		E01314CA25C7F64B0024EF84 /* Assets.xcassets */ = {isa = PBXFileReference; lastKnownFileType = folder.assetcatalog; path = Assets.xcassets; sourceTree = "<group>"; };
		E01314CD25C7F64B0024EF84 /* Preview Assets.xcassets */ = {isa = PBXFileReference; lastKnownFileType = folder.assetcatalog; path = "Preview Assets.xcassets"; sourceTree = "<group>"; };
		E01314D425C7F64B0024EF84 /* Info.plist */ = {isa = PBXFileReference; lastKnownFileType = text.plist.xml; path = Info.plist; sourceTree = "<group>"; };
		E01314D525C7F64B0024EF84 /* Quizit_macOS.entitlements */ = {isa = PBXFileReference; lastKnownFileType = text.plist.entitlements; path = Quizit_macOS.entitlements; sourceTree = "<group>"; };
		E0259ACF25FB06A200131564 /* AddCategoryView.swift */ = {isa = PBXFileReference; lastKnownFileType = sourcecode.swift; path = AddCategoryView.swift; sourceTree = "<group>"; };
		E059EBD725DB4599000619DA /* CategoryDetailView.swift */ = {isa = PBXFileReference; fileEncoding = 4; lastKnownFileType = sourcecode.swift; path = CategoryDetailView.swift; sourceTree = "<group>"; };
		E059EBE225DB461A000619DA /* CategoryDetailView.swift */ = {isa = PBXFileReference; fileEncoding = 4; lastKnownFileType = sourcecode.swift; path = CategoryDetailView.swift; sourceTree = "<group>"; };
		E059EBE325DB461B000619DA /* ContentView.swift */ = {isa = PBXFileReference; fileEncoding = 4; lastKnownFileType = sourcecode.swift; path = ContentView.swift; sourceTree = "<group>"; };
		E059EBE425DB461B000619DA /* AddCategoryView.swift */ = {isa = PBXFileReference; fileEncoding = 4; lastKnownFileType = sourcecode.swift; path = AddCategoryView.swift; sourceTree = "<group>"; };
		E069C09725C885A20049E945 /* CloudKit.framework */ = {isa = PBXFileReference; lastKnownFileType = wrapper.framework; name = CloudKit.framework; path = Platforms/MacOSX.platform/Developer/SDKs/MacOSX11.1.sdk/System/Library/Frameworks/CloudKit.framework; sourceTree = DEVELOPER_DIR; };
		E069C09A25C885F10049E945 /* CloudKit.framework */ = {isa = PBXFileReference; lastKnownFileType = wrapper.framework; name = CloudKit.framework; path = Platforms/WatchOS.platform/Developer/SDKs/WatchOS7.2.sdk/System/Library/Frameworks/CloudKit.framework; sourceTree = DEVELOPER_DIR; };
		E0876EA12605A7F600F32127 /* AddQuestionView.swift */ = {isa = PBXFileReference; lastKnownFileType = sourcecode.swift; path = AddQuestionView.swift; sourceTree = "<group>"; };
		E0BF291A260867A20027D599 /* RecordType.swift */ = {isa = PBXFileReference; fileEncoding = 4; lastKnownFileType = sourcecode.swift; path = RecordType.swift; sourceTree = "<group>"; };
		E0C74C2D25F8473F001A3B64 /* Quizit-watchOS.app */ = {isa = PBXFileReference; explicitFileType = wrapper.application; includeInIndex = 0; path = "Quizit-watchOS.app"; sourceTree = BUILT_PRODUCTS_DIR; };
		E0C74C2F25F84740001A3B64 /* Assets.xcassets */ = {isa = PBXFileReference; lastKnownFileType = folder.assetcatalog; path = Assets.xcassets; sourceTree = "<group>"; };
		E0C74C3125F84740001A3B64 /* Info.plist */ = {isa = PBXFileReference; lastKnownFileType = text.plist.xml; path = Info.plist; sourceTree = "<group>"; };
		E0C74C3625F84740001A3B64 /* Quizit-watchOS Extension.appex */ = {isa = PBXFileReference; explicitFileType = "wrapper.app-extension"; includeInIndex = 0; path = "Quizit-watchOS Extension.appex"; sourceTree = BUILT_PRODUCTS_DIR; };
		E0C74C3B25F84740001A3B64 /* ContentView.swift */ = {isa = PBXFileReference; lastKnownFileType = sourcecode.swift; path = ContentView.swift; sourceTree = "<group>"; };
		E0C74C4125F84741001A3B64 /* Assets.xcassets */ = {isa = PBXFileReference; lastKnownFileType = folder.assetcatalog; path = Assets.xcassets; sourceTree = "<group>"; };
		E0C74C4425F84741001A3B64 /* Preview Assets.xcassets */ = {isa = PBXFileReference; lastKnownFileType = folder.assetcatalog; path = "Preview Assets.xcassets"; sourceTree = "<group>"; };
		E0C74C4625F84741001A3B64 /* Info.plist */ = {isa = PBXFileReference; lastKnownFileType = text.plist.xml; path = Info.plist; sourceTree = "<group>"; };
		E0C74C5925F84823001A3B64 /* Quizit-watchOS Extension.entitlements */ = {isa = PBXFileReference; lastKnownFileType = text.plist.entitlements; path = "Quizit-watchOS Extension.entitlements"; sourceTree = "<group>"; };
		E0CD142A26080D68006A51F2 /* Record+CoreDataClass.swift */ = {isa = PBXFileReference; lastKnownFileType = sourcecode.swift; path = "Record+CoreDataClass.swift"; sourceTree = SOURCE_ROOT; };
		E0CD142B26080D68006A51F2 /* Record+CoreDataProperties.swift */ = {isa = PBXFileReference; lastKnownFileType = sourcecode.swift; path = "Record+CoreDataProperties.swift"; sourceTree = SOURCE_ROOT; };
		E0CD142C26080D68006A51F2 /* Category+CoreDataClass.swift */ = {isa = PBXFileReference; lastKnownFileType = sourcecode.swift; path = "Category+CoreDataClass.swift"; sourceTree = SOURCE_ROOT; };
		E0CD142D26080D68006A51F2 /* Category+CoreDataProperties.swift */ = {isa = PBXFileReference; lastKnownFileType = sourcecode.swift; path = "Category+CoreDataProperties.swift"; sourceTree = SOURCE_ROOT; };
		E0E71EC125FC888200FBA887 /* AnswerView.swift */ = {isa = PBXFileReference; lastKnownFileType = sourcecode.swift; path = AnswerView.swift; sourceTree = "<group>"; };
/* End PBXFileReference section */

/* Begin PBXFrameworksBuildPhase section */
		E013146525C7EE230024EF84 /* Frameworks */ = {
			isa = PBXFrameworksBuildPhase;
			buildActionMask = 2147483647;
			files = (
				E013148525C7EECE0024EF84 /* CloudKit.framework in Frameworks */,
			);
			runOnlyForDeploymentPostprocessing = 0;
		};
		E01314C125C7F6430024EF84 /* Frameworks */ = {
			isa = PBXFrameworksBuildPhase;
			buildActionMask = 2147483647;
			files = (
				E069C09825C885A20049E945 /* CloudKit.framework in Frameworks */,
			);
			runOnlyForDeploymentPostprocessing = 0;
		};
		E0C74C3325F84740001A3B64 /* Frameworks */ = {
			isa = PBXFrameworksBuildPhase;
			buildActionMask = 2147483647;
			files = (
				E0C74C5A25F84826001A3B64 /* CloudKit.framework in Frameworks */,
			);
			runOnlyForDeploymentPostprocessing = 0;
		};
/* End PBXFrameworksBuildPhase section */

/* Begin PBXGroup section */
		E013145F25C7EE230024EF84 = {
			isa = PBXGroup;
			children = (
				E05BB77325D7936B00AA5A09 /* Shared */,
				E013146A25C7EE230024EF84 /* Quizit */,
				E01314C525C7F6430024EF84 /* Quizit-macOS */,
				E0C74C2E25F8473F001A3B64 /* Quizit-watchOS */,
				E0C74C3A25F84740001A3B64 /* Quizit-watchOS Extension */,
				E013146925C7EE230024EF84 /* Products */,
				E013148325C7EECE0024EF84 /* Frameworks */,
			);
			sourceTree = "<group>";
		};
		E013146925C7EE230024EF84 /* Products */ = {
			isa = PBXGroup;
			children = (
				E013146825C7EE230024EF84 /* Quizit.app */,
				E01314C425C7F6430024EF84 /* Quizit-macOS.app */,
				E0C74C2D25F8473F001A3B64 /* Quizit-watchOS.app */,
				E0C74C3625F84740001A3B64 /* Quizit-watchOS Extension.appex */,
			);
			name = Products;
			sourceTree = "<group>";
		};
		E013146A25C7EE230024EF84 /* Quizit */ = {
			isa = PBXGroup;
			children = (
				E0CD142926080D24006A51F2 /* Model */,
				E059EBE125DB45FB000619DA /* Views */,
				E013147125C7EE260024EF84 /* Preview Content */,
				E013148125C7EEAC0024EF84 /* Quizit.entitlements */,
				E013146F25C7EE260024EF84 /* Assets.xcassets */,
				E013147925C7EE260024EF84 /* Info.plist */,
			);
			path = Quizit;
			sourceTree = "<group>";
		};
		E013147125C7EE260024EF84 /* Preview Content */ = {
			isa = PBXGroup;
			children = (
				E013147225C7EE260024EF84 /* Preview Assets.xcassets */,
			);
			path = "Preview Content";
			sourceTree = "<group>";
		};
		E013148325C7EECE0024EF84 /* Frameworks */ = {
			isa = PBXGroup;
			children = (
				E069C09A25C885F10049E945 /* CloudKit.framework */,
				E069C09725C885A20049E945 /* CloudKit.framework */,
				E013148425C7EECE0024EF84 /* CloudKit.framework */,
			);
			name = Frameworks;
			sourceTree = "<group>";
		};
		E01314C525C7F6430024EF84 /* Quizit-macOS */ = {
			isa = PBXGroup;
			children = (
				E059EBD025DB4531000619DA /* Views */,
				E01314CC25C7F64B0024EF84 /* Preview Content */,
				E01314D525C7F64B0024EF84 /* Quizit_macOS.entitlements */,
				E01314CA25C7F64B0024EF84 /* Assets.xcassets */,
				E01314D425C7F64B0024EF84 /* Info.plist */,
			);
			path = "Quizit-macOS";
			sourceTree = "<group>";
		};
		E01314CC25C7F64B0024EF84 /* Preview Content */ = {
			isa = PBXGroup;
			children = (
				E01314CD25C7F64B0024EF84 /* Preview Assets.xcassets */,
			);
			path = "Preview Content";
			sourceTree = "<group>";
		};
		E0259ACE25FAFF2000131564 /* Views */ = {
			isa = PBXGroup;
			children = (
				E0C74C3B25F84740001A3B64 /* ContentView.swift */,
				E0259ACF25FB06A200131564 /* AddCategoryView.swift */,
			);
			path = Views;
			sourceTree = "<group>";
		};
		E059EBD025DB4531000619DA /* Views */ = {
			isa = PBXGroup;
			children = (
				E059EBD725DB4599000619DA /* CategoryDetailView.swift */,
				E01314C825C7F6430024EF84 /* ContentView.swift */,
				E006498425F336AA00D43F87 /* AddCategoryView.swift */,
			);
			path = Views;
			sourceTree = "<group>";
		};
		E059EBE125DB45FB000619DA /* Views */ = {
			isa = PBXGroup;
			children = (
				E059EBE325DB461B000619DA /* ContentView.swift */,
				E059EBE225DB461A000619DA /* CategoryDetailView.swift */,
				E059EBE425DB461B000619DA /* AddCategoryView.swift */,
				E0876EA12605A7F600F32127 /* AddQuestionView.swift */,
			);
			path = Views;
			sourceTree = "<group>";
		};
		E05BB77325D7936B00AA5A09 /* Shared */ = {
			isa = PBXGroup;
			children = (
				E013146B25C7EE230024EF84 /* QuizitApp.swift */,
				E013147425C7EE260024EF84 /* Persistence.swift */,
				E013147625C7EE260024EF84 /* Quizit.xcdatamodeld */,
				E0E71EC125FC888200FBA887 /* AnswerView.swift */,
				E0BF291A260867A20027D599 /* RecordType.swift */,
			);
			path = Shared;
			sourceTree = "<group>";
		};
		E0C74C2E25F8473F001A3B64 /* Quizit-watchOS */ = {
			isa = PBXGroup;
			children = (
				E0C74C2F25F84740001A3B64 /* Assets.xcassets */,
				E0C74C3125F84740001A3B64 /* Info.plist */,
			);
			path = "Quizit-watchOS";
			sourceTree = "<group>";
		};
		E0C74C3A25F84740001A3B64 /* Quizit-watchOS Extension */ = {
			isa = PBXGroup;
			children = (
				E0259ACE25FAFF2000131564 /* Views */,
				E0C74C4325F84741001A3B64 /* Preview Content */,
				E0C74C5925F84823001A3B64 /* Quizit-watchOS Extension.entitlements */,
				E0C74C4125F84741001A3B64 /* Assets.xcassets */,
				E0C74C4625F84741001A3B64 /* Info.plist */,
			);
			path = "Quizit-watchOS Extension";
			sourceTree = "<group>";
		};
		E0C74C4325F84741001A3B64 /* Preview Content */ = {
			isa = PBXGroup;
			children = (
				E0C74C4425F84741001A3B64 /* Preview Assets.xcassets */,
			);
			path = "Preview Content";
			sourceTree = "<group>";
		};
		E0CD142926080D24006A51F2 /* Model */ = {
			isa = PBXGroup;
			children = (
				E0CD142A26080D68006A51F2 /* Record+CoreDataClass.swift */,
				E0CD142B26080D68006A51F2 /* Record+CoreDataProperties.swift */,
				E0CD142C26080D68006A51F2 /* Category+CoreDataClass.swift */,
				E0CD142D26080D68006A51F2 /* Category+CoreDataProperties.swift */,
			);
			path = Model;
			sourceTree = "<group>";
		};
/* End PBXGroup section */

/* Begin PBXNativeTarget section */
		E013146725C7EE230024EF84 /* Quizit */ = {
			isa = PBXNativeTarget;
			buildConfigurationList = E013147C25C7EE260024EF84 /* Build configuration list for PBXNativeTarget "Quizit" */;
			buildPhases = (
				E013146425C7EE230024EF84 /* Sources */,
				E013146525C7EE230024EF84 /* Frameworks */,
				E013146625C7EE230024EF84 /* Resources */,
				E01314B925C7F2AD0024EF84 /* Embed Watch Content */,
			);
			buildRules = (
			);
			dependencies = (
				E0C74C4825F84741001A3B64 /* PBXTargetDependency */,
			);
			name = Quizit;
			productName = Quizit;
			productReference = E013146825C7EE230024EF84 /* Quizit.app */;
			productType = "com.apple.product-type.application";
		};
		E01314C325C7F6430024EF84 /* Quizit-macOS */ = {
			isa = PBXNativeTarget;
			buildConfigurationList = E01314D625C7F64B0024EF84 /* Build configuration list for PBXNativeTarget "Quizit-macOS" */;
			buildPhases = (
				E01314C025C7F6430024EF84 /* Sources */,
				E01314C125C7F6430024EF84 /* Frameworks */,
				E01314C225C7F6430024EF84 /* Resources */,
			);
			buildRules = (
			);
			dependencies = (
			);
			name = "Quizit-macOS";
			productName = "Quizit-macOS";
			productReference = E01314C425C7F6430024EF84 /* Quizit-macOS.app */;
			productType = "com.apple.product-type.application";
		};
		E0C74C2C25F8473F001A3B64 /* Quizit-watchOS */ = {
			isa = PBXNativeTarget;
			buildConfigurationList = E0C74C4E25F84741001A3B64 /* Build configuration list for PBXNativeTarget "Quizit-watchOS" */;
			buildPhases = (
				E0C74C2B25F8473F001A3B64 /* Resources */,
				E0C74C4D25F84741001A3B64 /* Embed App Extensions */,
			);
			buildRules = (
			);
			dependencies = (
				E0C74C3925F84740001A3B64 /* PBXTargetDependency */,
			);
			name = "Quizit-watchOS";
			productName = "Quizit-watchOS";
			productReference = E0C74C2D25F8473F001A3B64 /* Quizit-watchOS.app */;
			productType = "com.apple.product-type.application.watchapp2";
		};
		E0C74C3525F84740001A3B64 /* Quizit-watchOS Extension */ = {
			isa = PBXNativeTarget;
			buildConfigurationList = E0C74C4A25F84741001A3B64 /* Build configuration list for PBXNativeTarget "Quizit-watchOS Extension" */;
			buildPhases = (
				E0C74C3225F84740001A3B64 /* Sources */,
				E0C74C3325F84740001A3B64 /* Frameworks */,
				E0C74C3425F84740001A3B64 /* Resources */,
			);
			buildRules = (
			);
			dependencies = (
			);
			name = "Quizit-watchOS Extension";
			productName = "Quizit-watchOS Extension";
			productReference = E0C74C3625F84740001A3B64 /* Quizit-watchOS Extension.appex */;
			productType = "com.apple.product-type.watchkit2-extension";
		};
/* End PBXNativeTarget section */

/* Begin PBXProject section */
		E013146025C7EE230024EF84 /* Project object */ = {
			isa = PBXProject;
			attributes = {
				LastSwiftUpdateCheck = 1240;
				LastUpgradeCheck = 1250;
				TargetAttributes = {
					E013146725C7EE230024EF84 = {
						CreatedOnToolsVersion = 12.4;
					};
					E01314C325C7F6430024EF84 = {
						CreatedOnToolsVersion = 12.4;
					};
					E0C74C2C25F8473F001A3B64 = {
						CreatedOnToolsVersion = 12.4;
					};
					E0C74C3525F84740001A3B64 = {
						CreatedOnToolsVersion = 12.4;
					};
				};
			};
			buildConfigurationList = E013146325C7EE230024EF84 /* Build configuration list for PBXProject "Quizit" */;
			compatibilityVersion = "Xcode 9.3";
			developmentRegion = en;
			hasScannedForEncodings = 0;
			knownRegions = (
				en,
				Base,
			);
			mainGroup = E013145F25C7EE230024EF84;
			productRefGroup = E013146925C7EE230024EF84 /* Products */;
			projectDirPath = "";
			projectRoot = "";
			targets = (
				E013146725C7EE230024EF84 /* Quizit */,
				E01314C325C7F6430024EF84 /* Quizit-macOS */,
				E0C74C2C25F8473F001A3B64 /* Quizit-watchOS */,
				E0C74C3525F84740001A3B64 /* Quizit-watchOS Extension */,
			);
		};
/* End PBXProject section */

/* Begin PBXResourcesBuildPhase section */
		E013146625C7EE230024EF84 /* Resources */ = {
			isa = PBXResourcesBuildPhase;
			buildActionMask = 2147483647;
			files = (
				E013147325C7EE260024EF84 /* Preview Assets.xcassets in Resources */,
				E013147025C7EE260024EF84 /* Assets.xcassets in Resources */,
			);
			runOnlyForDeploymentPostprocessing = 0;
		};
		E01314C225C7F6430024EF84 /* Resources */ = {
			isa = PBXResourcesBuildPhase;
			buildActionMask = 2147483647;
			files = (
				E01314CE25C7F64B0024EF84 /* Preview Assets.xcassets in Resources */,
				E01314CB25C7F64B0024EF84 /* Assets.xcassets in Resources */,
			);
			runOnlyForDeploymentPostprocessing = 0;
		};
		E0C74C2B25F8473F001A3B64 /* Resources */ = {
			isa = PBXResourcesBuildPhase;
			buildActionMask = 2147483647;
			files = (
				E0C74C3025F84740001A3B64 /* Assets.xcassets in Resources */,
			);
			runOnlyForDeploymentPostprocessing = 0;
		};
		E0C74C3425F84740001A3B64 /* Resources */ = {
			isa = PBXResourcesBuildPhase;
			buildActionMask = 2147483647;
			files = (
				E0C74C4525F84741001A3B64 /* Preview Assets.xcassets in Resources */,
				E0C74C4225F84741001A3B64 /* Assets.xcassets in Resources */,
			);
			runOnlyForDeploymentPostprocessing = 0;
		};
/* End PBXResourcesBuildPhase section */

/* Begin PBXSourcesBuildPhase section */
		E013146425C7EE230024EF84 /* Sources */ = {
			isa = PBXSourcesBuildPhase;
			buildActionMask = 2147483647;
			files = (
				E059EBE725DB461B000619DA /* AddCategoryView.swift in Sources */,
				E0CD143726080D68006A51F2 /* Category+CoreDataProperties.swift in Sources */,
				E0CD143426080D68006A51F2 /* Category+CoreDataClass.swift in Sources */,
				E059EBE525DB461B000619DA /* CategoryDetailView.swift in Sources */,
				E0876EA22605A7F600F32127 /* AddQuestionView.swift in Sources */,
				E059EBE625DB461B000619DA /* ContentView.swift in Sources */,
				E013147525C7EE260024EF84 /* Persistence.swift in Sources */,
				E013147825C7EE260024EF84 /* Quizit.xcdatamodeld in Sources */,
				E0E71EC225FC888200FBA887 /* AnswerView.swift in Sources */,
				E0CD143126080D68006A51F2 /* Record+CoreDataProperties.swift in Sources */,
				E0CD142E26080D68006A51F2 /* Record+CoreDataClass.swift in Sources */,
				E013146C25C7EE230024EF84 /* QuizitApp.swift in Sources */,
				E0BF291B260867A20027D599 /* RecordType.swift in Sources */,
			);
			runOnlyForDeploymentPostprocessing = 0;
		};
		E01314C025C7F6430024EF84 /* Sources */ = {
			isa = PBXSourcesBuildPhase;
			buildActionMask = 2147483647;
			files = (
				E0BF291D2608683F0027D599 /* RecordType.swift in Sources */,
				E0CD143226080D68006A51F2 /* Record+CoreDataProperties.swift in Sources */,
				E006498525F336AA00D43F87 /* AddCategoryView.swift in Sources */,
				E0CD143526080D68006A51F2 /* Category+CoreDataClass.swift in Sources */,
				E059EBD825DB4599000619DA /* CategoryDetailView.swift in Sources */,
				E0E71EC325FC888200FBA887 /* AnswerView.swift in Sources */,
				E0CD142F26080D68006A51F2 /* Record+CoreDataClass.swift in Sources */,
				E0259ACA25FAFBB200131564 /* Persistence.swift in Sources */,
				E0CD143826080D68006A51F2 /* Category+CoreDataProperties.swift in Sources */,
				E0259ACD25FAFDF500131564 /* QuizitApp.swift in Sources */,
				E013369725C7FEDE0024EF84 /* Quizit.xcdatamodeld in Sources */,
				E01314C925C7F6430024EF84 /* ContentView.swift in Sources */,
			);
			runOnlyForDeploymentPostprocessing = 0;
		};
		E0C74C3225F84740001A3B64 /* Sources */ = {
			isa = PBXSourcesBuildPhase;
			buildActionMask = 2147483647;
			files = (
				E0BF291C2608683E0027D599 /* RecordType.swift in Sources */,
				E0CD143326080D68006A51F2 /* Record+CoreDataProperties.swift in Sources */,
				E0259AD025FB06A200131564 /* AddCategoryView.swift in Sources */,
				E0CD143626080D68006A51F2 /* Category+CoreDataClass.swift in Sources */,
				E0C74C3C25F84740001A3B64 /* ContentView.swift in Sources */,
				E0E71EC425FC888200FBA887 /* AnswerView.swift in Sources */,
				E0CD143026080D68006A51F2 /* Record+CoreDataClass.swift in Sources */,
				E0259ACC25FAFDF500131564 /* QuizitApp.swift in Sources */,
				E0CD143926080D68006A51F2 /* Category+CoreDataProperties.swift in Sources */,
				E0C74C5F25F84AD2001A3B64 /* Quizit.xcdatamodeld in Sources */,
				E0C74C6825F84E06001A3B64 /* CategoryDetailView.swift in Sources */,
				E0259ACB25FAFBB500131564 /* Persistence.swift in Sources */,
			);
			runOnlyForDeploymentPostprocessing = 0;
		};
/* End PBXSourcesBuildPhase section */

/* Begin PBXTargetDependency section */
		E0C74C3925F84740001A3B64 /* PBXTargetDependency */ = {
			isa = PBXTargetDependency;
			target = E0C74C3525F84740001A3B64 /* Quizit-watchOS Extension */;
			targetProxy = E0C74C3825F84740001A3B64 /* PBXContainerItemProxy */;
		};
		E0C74C4825F84741001A3B64 /* PBXTargetDependency */ = {
			isa = PBXTargetDependency;
			target = E0C74C2C25F8473F001A3B64 /* Quizit-watchOS */;
			targetProxy = E0C74C4725F84741001A3B64 /* PBXContainerItemProxy */;
		};
/* End PBXTargetDependency section */

/* Begin XCBuildConfiguration section */
		E013147A25C7EE260024EF84 /* Debug */ = {
			isa = XCBuildConfiguration;
			buildSettings = {
				ALWAYS_SEARCH_USER_PATHS = NO;
				CLANG_ANALYZER_NONNULL = YES;
				CLANG_ANALYZER_NUMBER_OBJECT_CONVERSION = YES_AGGRESSIVE;
				CLANG_CXX_LANGUAGE_STANDARD = "gnu++14";
				CLANG_CXX_LIBRARY = "libc++";
				CLANG_ENABLE_MODULES = YES;
				CLANG_ENABLE_OBJC_ARC = YES;
				CLANG_ENABLE_OBJC_WEAK = YES;
				CLANG_WARN_BLOCK_CAPTURE_AUTORELEASING = YES;
				CLANG_WARN_BOOL_CONVERSION = YES;
				CLANG_WARN_COMMA = YES;
				CLANG_WARN_CONSTANT_CONVERSION = YES;
				CLANG_WARN_DEPRECATED_OBJC_IMPLEMENTATIONS = YES;
				CLANG_WARN_DIRECT_OBJC_ISA_USAGE = YES_ERROR;
				CLANG_WARN_DOCUMENTATION_COMMENTS = YES;
				CLANG_WARN_EMPTY_BODY = YES;
				CLANG_WARN_ENUM_CONVERSION = YES;
				CLANG_WARN_INFINITE_RECURSION = YES;
				CLANG_WARN_INT_CONVERSION = YES;
				CLANG_WARN_NON_LITERAL_NULL_CONVERSION = YES;
				CLANG_WARN_OBJC_IMPLICIT_RETAIN_SELF = YES;
				CLANG_WARN_OBJC_LITERAL_CONVERSION = YES;
				CLANG_WARN_OBJC_ROOT_CLASS = YES_ERROR;
				CLANG_WARN_QUOTED_INCLUDE_IN_FRAMEWORK_HEADER = YES;
				CLANG_WARN_RANGE_LOOP_ANALYSIS = YES;
				CLANG_WARN_STRICT_PROTOTYPES = YES;
				CLANG_WARN_SUSPICIOUS_MOVE = YES;
				CLANG_WARN_UNGUARDED_AVAILABILITY = YES_AGGRESSIVE;
				CLANG_WARN_UNREACHABLE_CODE = YES;
				CLANG_WARN__DUPLICATE_METHOD_MATCH = YES;
				COPY_PHASE_STRIP = NO;
				DEBUG_INFORMATION_FORMAT = dwarf;
				ENABLE_STRICT_OBJC_MSGSEND = YES;
				ENABLE_TESTABILITY = YES;
				GCC_C_LANGUAGE_STANDARD = gnu11;
				GCC_DYNAMIC_NO_PIC = NO;
				GCC_NO_COMMON_BLOCKS = YES;
				GCC_OPTIMIZATION_LEVEL = 0;
				GCC_PREPROCESSOR_DEFINITIONS = (
					"DEBUG=1",
					"$(inherited)",
				);
				GCC_WARN_64_TO_32_BIT_CONVERSION = YES;
				GCC_WARN_ABOUT_RETURN_TYPE = YES_ERROR;
				GCC_WARN_UNDECLARED_SELECTOR = YES;
				GCC_WARN_UNINITIALIZED_AUTOS = YES_AGGRESSIVE;
				GCC_WARN_UNUSED_FUNCTION = YES;
				GCC_WARN_UNUSED_VARIABLE = YES;
				IPHONEOS_DEPLOYMENT_TARGET = 14.4;
				MTL_ENABLE_DEBUG_INFO = INCLUDE_SOURCE;
				MTL_FAST_MATH = YES;
				ONLY_ACTIVE_ARCH = YES;
				SDKROOT = iphoneos;
				SWIFT_ACTIVE_COMPILATION_CONDITIONS = DEBUG;
				SWIFT_OPTIMIZATION_LEVEL = "-Onone";
			};
			name = Debug;
		};
		E013147B25C7EE260024EF84 /* Release */ = {
			isa = XCBuildConfiguration;
			buildSettings = {
				ALWAYS_SEARCH_USER_PATHS = NO;
				CLANG_ANALYZER_NONNULL = YES;
				CLANG_ANALYZER_NUMBER_OBJECT_CONVERSION = YES_AGGRESSIVE;
				CLANG_CXX_LANGUAGE_STANDARD = "gnu++14";
				CLANG_CXX_LIBRARY = "libc++";
				CLANG_ENABLE_MODULES = YES;
				CLANG_ENABLE_OBJC_ARC = YES;
				CLANG_ENABLE_OBJC_WEAK = YES;
				CLANG_WARN_BLOCK_CAPTURE_AUTORELEASING = YES;
				CLANG_WARN_BOOL_CONVERSION = YES;
				CLANG_WARN_COMMA = YES;
				CLANG_WARN_CONSTANT_CONVERSION = YES;
				CLANG_WARN_DEPRECATED_OBJC_IMPLEMENTATIONS = YES;
				CLANG_WARN_DIRECT_OBJC_ISA_USAGE = YES_ERROR;
				CLANG_WARN_DOCUMENTATION_COMMENTS = YES;
				CLANG_WARN_EMPTY_BODY = YES;
				CLANG_WARN_ENUM_CONVERSION = YES;
				CLANG_WARN_INFINITE_RECURSION = YES;
				CLANG_WARN_INT_CONVERSION = YES;
				CLANG_WARN_NON_LITERAL_NULL_CONVERSION = YES;
				CLANG_WARN_OBJC_IMPLICIT_RETAIN_SELF = YES;
				CLANG_WARN_OBJC_LITERAL_CONVERSION = YES;
				CLANG_WARN_OBJC_ROOT_CLASS = YES_ERROR;
				CLANG_WARN_QUOTED_INCLUDE_IN_FRAMEWORK_HEADER = YES;
				CLANG_WARN_RANGE_LOOP_ANALYSIS = YES;
				CLANG_WARN_STRICT_PROTOTYPES = YES;
				CLANG_WARN_SUSPICIOUS_MOVE = YES;
				CLANG_WARN_UNGUARDED_AVAILABILITY = YES_AGGRESSIVE;
				CLANG_WARN_UNREACHABLE_CODE = YES;
				CLANG_WARN__DUPLICATE_METHOD_MATCH = YES;
				COPY_PHASE_STRIP = NO;
				DEBUG_INFORMATION_FORMAT = "dwarf-with-dsym";
				ENABLE_NS_ASSERTIONS = NO;
				ENABLE_STRICT_OBJC_MSGSEND = YES;
				GCC_C_LANGUAGE_STANDARD = gnu11;
				GCC_NO_COMMON_BLOCKS = YES;
				GCC_WARN_64_TO_32_BIT_CONVERSION = YES;
				GCC_WARN_ABOUT_RETURN_TYPE = YES_ERROR;
				GCC_WARN_UNDECLARED_SELECTOR = YES;
				GCC_WARN_UNINITIALIZED_AUTOS = YES_AGGRESSIVE;
				GCC_WARN_UNUSED_FUNCTION = YES;
				GCC_WARN_UNUSED_VARIABLE = YES;
				IPHONEOS_DEPLOYMENT_TARGET = 14.4;
				MTL_ENABLE_DEBUG_INFO = NO;
				MTL_FAST_MATH = YES;
				SDKROOT = iphoneos;
				SWIFT_COMPILATION_MODE = wholemodule;
				SWIFT_OPTIMIZATION_LEVEL = "-O";
				VALIDATE_PRODUCT = YES;
			};
			name = Release;
		};
		E013147D25C7EE260024EF84 /* Debug */ = {
			isa = XCBuildConfiguration;
			buildSettings = {
				ASSETCATALOG_COMPILER_APPICON_NAME = AppIcon;
				ASSETCATALOG_COMPILER_GLOBAL_ACCENT_COLOR_NAME = AccentColor;
				CODE_SIGN_ENTITLEMENTS = Quizit/Quizit.entitlements;
				CODE_SIGN_IDENTITY = "Apple Development";
				CODE_SIGN_STYLE = Automatic;
				DEVELOPMENT_ASSET_PATHS = "\"Quizit/Preview Content\"";
				DEVELOPMENT_TEAM = F7B8Q4UP53;
				ENABLE_PREVIEWS = YES;
				INFOPLIST_FILE = Quizit/Info.plist;
				IPHONEOS_DEPLOYMENT_TARGET = 14.0;
				LD_RUNPATH_SEARCH_PATHS = (
					"$(inherited)",
					"@executable_path/Frameworks",
				);
				PRODUCT_BUNDLE_IDENTIFIER = com.hitechbrothers.Quizit2;
				PRODUCT_NAME = "$(TARGET_NAME)";
				PROVISIONING_PROFILE_SPECIFIER = "";
				SWIFT_VERSION = 5.0;
				TARGETED_DEVICE_FAMILY = "1,2";
			};
			name = Debug;
		};
		E013147E25C7EE260024EF84 /* Release */ = {
			isa = XCBuildConfiguration;
			buildSettings = {
				ASSETCATALOG_COMPILER_APPICON_NAME = AppIcon;
				ASSETCATALOG_COMPILER_GLOBAL_ACCENT_COLOR_NAME = AccentColor;
				CODE_SIGN_ENTITLEMENTS = Quizit/Quizit.entitlements;
				CODE_SIGN_IDENTITY = "Apple Development";
				CODE_SIGN_STYLE = Automatic;
				DEVELOPMENT_ASSET_PATHS = "\"Quizit/Preview Content\"";
				DEVELOPMENT_TEAM = F7B8Q4UP53;
				ENABLE_PREVIEWS = YES;
				INFOPLIST_FILE = Quizit/Info.plist;
				IPHONEOS_DEPLOYMENT_TARGET = 14.0;
				LD_RUNPATH_SEARCH_PATHS = (
					"$(inherited)",
					"@executable_path/Frameworks",
				);
				PRODUCT_BUNDLE_IDENTIFIER = com.hitechbrothers.Quizit2;
				PRODUCT_NAME = "$(TARGET_NAME)";
				PROVISIONING_PROFILE_SPECIFIER = "";
				SWIFT_VERSION = 5.0;
				TARGETED_DEVICE_FAMILY = "1,2";
			};
			name = Release;
		};
		E01314D725C7F64B0024EF84 /* Debug */ = {
			isa = XCBuildConfiguration;
			buildSettings = {
				ASSETCATALOG_COMPILER_APPICON_NAME = AppIcon;
				ASSETCATALOG_COMPILER_GLOBAL_ACCENT_COLOR_NAME = AccentColor;
				CODE_SIGN_ENTITLEMENTS = "Quizit-macOS/Quizit_macOS.entitlements";
				CODE_SIGN_IDENTITY = "Apple Development";
				CODE_SIGN_STYLE = Automatic;
				COMBINE_HIDPI_IMAGES = YES;
				DEVELOPMENT_ASSET_PATHS = "\"Quizit-macOS/Preview Content\"";
				DEVELOPMENT_TEAM = F7B8Q4UP53;
				ENABLE_HARDENED_RUNTIME = YES;
				ENABLE_PREVIEWS = YES;
				INFOPLIST_FILE = "Quizit-macOS/Info.plist";
				LD_RUNPATH_SEARCH_PATHS = (
					"$(inherited)",
					"@executable_path/../Frameworks",
				);
				MACOSX_DEPLOYMENT_TARGET = 11.0;
				PRODUCT_BUNDLE_IDENTIFIER = "com.hitechbrothers.Quizit-macOS";
				PRODUCT_NAME = "$(TARGET_NAME)";
				SDKROOT = macosx;
				SWIFT_VERSION = 5.0;
			};
			name = Debug;
		};
		E01314D825C7F64B0024EF84 /* Release */ = {
			isa = XCBuildConfiguration;
			buildSettings = {
				ASSETCATALOG_COMPILER_APPICON_NAME = AppIcon;
				ASSETCATALOG_COMPILER_GLOBAL_ACCENT_COLOR_NAME = AccentColor;
				CODE_SIGN_ENTITLEMENTS = "Quizit-macOS/Quizit_macOS.entitlements";
				CODE_SIGN_IDENTITY = "Apple Development";
				CODE_SIGN_STYLE = Automatic;
				COMBINE_HIDPI_IMAGES = YES;
				DEVELOPMENT_ASSET_PATHS = "\"Quizit-macOS/Preview Content\"";
				DEVELOPMENT_TEAM = F7B8Q4UP53;
				ENABLE_HARDENED_RUNTIME = YES;
				ENABLE_PREVIEWS = YES;
				INFOPLIST_FILE = "Quizit-macOS/Info.plist";
				LD_RUNPATH_SEARCH_PATHS = (
					"$(inherited)",
					"@executable_path/../Frameworks",
				);
				MACOSX_DEPLOYMENT_TARGET = 11.0;
				PRODUCT_BUNDLE_IDENTIFIER = "com.hitechbrothers.Quizit-macOS";
				PRODUCT_NAME = "$(TARGET_NAME)";
				SDKROOT = macosx;
				SWIFT_VERSION = 5.0;
			};
			name = Release;
		};
		E0C74C4B25F84741001A3B64 /* Debug */ = {
			isa = XCBuildConfiguration;
			buildSettings = {
				ASSETCATALOG_COMPILER_COMPLICATION_NAME = Complication;
				CODE_SIGN_ENTITLEMENTS = "Quizit-watchOS Extension/Quizit-watchOS Extension.entitlements";
				CODE_SIGN_STYLE = Automatic;
				DEVELOPMENT_ASSET_PATHS = "\"Quizit-watchOS Extension/Preview Content\"";
				DEVELOPMENT_TEAM = F7B8Q4UP53;
				ENABLE_PREVIEWS = YES;
				INFOPLIST_FILE = "Quizit-watchOS Extension/Info.plist";
				LD_RUNPATH_SEARCH_PATHS = (
					"$(inherited)",
					"@executable_path/Frameworks",
					"@executable_path/../../Frameworks",
				);
				PRODUCT_BUNDLE_IDENTIFIER = com.hitechbrothers.Quizit2.watchkitapp.watchkitextension;
				PRODUCT_NAME = "${TARGET_NAME}";
				SDKROOT = watchos;
				SKIP_INSTALL = YES;
				SWIFT_VERSION = 5.0;
				TARGETED_DEVICE_FAMILY = 4;
				WATCHOS_DEPLOYMENT_TARGET = 7.2;
			};
			name = Debug;
		};
		E0C74C4C25F84741001A3B64 /* Release */ = {
			isa = XCBuildConfiguration;
			buildSettings = {
				ASSETCATALOG_COMPILER_COMPLICATION_NAME = Complication;
				CODE_SIGN_ENTITLEMENTS = "Quizit-watchOS Extension/Quizit-watchOS Extension.entitlements";
				CODE_SIGN_STYLE = Automatic;
				DEVELOPMENT_ASSET_PATHS = "\"Quizit-watchOS Extension/Preview Content\"";
				DEVELOPMENT_TEAM = F7B8Q4UP53;
				ENABLE_PREVIEWS = YES;
				INFOPLIST_FILE = "Quizit-watchOS Extension/Info.plist";
				LD_RUNPATH_SEARCH_PATHS = (
					"$(inherited)",
					"@executable_path/Frameworks",
					"@executable_path/../../Frameworks",
				);
				PRODUCT_BUNDLE_IDENTIFIER = com.hitechbrothers.Quizit2.watchkitapp.watchkitextension;
				PRODUCT_NAME = "${TARGET_NAME}";
				SDKROOT = watchos;
				SKIP_INSTALL = YES;
				SWIFT_VERSION = 5.0;
				TARGETED_DEVICE_FAMILY = 4;
				WATCHOS_DEPLOYMENT_TARGET = 7.2;
			};
			name = Release;
		};
		E0C74C4F25F84741001A3B64 /* Debug */ = {
			isa = XCBuildConfiguration;
			buildSettings = {
				ALWAYS_EMBED_SWIFT_STANDARD_LIBRARIES = YES;
				ASSETCATALOG_COMPILER_APPICON_NAME = AppIcon;
				ASSETCATALOG_COMPILER_GLOBAL_ACCENT_COLOR_NAME = AccentColor;
				CODE_SIGN_IDENTITY = "Apple Development";
				CODE_SIGN_STYLE = Automatic;
				DEVELOPMENT_TEAM = F7B8Q4UP53;
				IBSC_MODULE = Quizit_watchOS_Extension;
				INFOPLIST_FILE = "Quizit-watchOS/Info.plist";
				PRODUCT_BUNDLE_IDENTIFIER = com.hitechbrothers.Quizit2.watchkitapp;
				PRODUCT_NAME = "$(TARGET_NAME)";
				SDKROOT = watchos;
				SKIP_INSTALL = YES;
				SWIFT_VERSION = 5.0;
				TARGETED_DEVICE_FAMILY = 4;
				WATCHOS_DEPLOYMENT_TARGET = 7.2;
			};
			name = Debug;
		};
		E0C74C5025F84741001A3B64 /* Release */ = {
			isa = XCBuildConfiguration;
			buildSettings = {
				ALWAYS_EMBED_SWIFT_STANDARD_LIBRARIES = YES;
				ASSETCATALOG_COMPILER_APPICON_NAME = AppIcon;
				ASSETCATALOG_COMPILER_GLOBAL_ACCENT_COLOR_NAME = AccentColor;
				CODE_SIGN_IDENTITY = "Apple Development";
				CODE_SIGN_STYLE = Automatic;
				DEVELOPMENT_TEAM = F7B8Q4UP53;
				IBSC_MODULE = Quizit_watchOS_Extension;
				INFOPLIST_FILE = "Quizit-watchOS/Info.plist";
				PRODUCT_BUNDLE_IDENTIFIER = com.hitechbrothers.Quizit2.watchkitapp;
				PRODUCT_NAME = "$(TARGET_NAME)";
				SDKROOT = watchos;
				SKIP_INSTALL = YES;
				SWIFT_VERSION = 5.0;
				TARGETED_DEVICE_FAMILY = 4;
				WATCHOS_DEPLOYMENT_TARGET = 7.2;
			};
			name = Release;
		};
/* End XCBuildConfiguration section */

/* Begin XCConfigurationList section */
		E013146325C7EE230024EF84 /* Build configuration list for PBXProject "Quizit" */ = {
			isa = XCConfigurationList;
			buildConfigurations = (
				E013147A25C7EE260024EF84 /* Debug */,
				E013147B25C7EE260024EF84 /* Release */,
			);
			defaultConfigurationIsVisible = 0;
			defaultConfigurationName = Release;
		};
		E013147C25C7EE260024EF84 /* Build configuration list for PBXNativeTarget "Quizit" */ = {
			isa = XCConfigurationList;
			buildConfigurations = (
				E013147D25C7EE260024EF84 /* Debug */,
				E013147E25C7EE260024EF84 /* Release */,
			);
			defaultConfigurationIsVisible = 0;
			defaultConfigurationName = Release;
		};
		E01314D625C7F64B0024EF84 /* Build configuration list for PBXNativeTarget "Quizit-macOS" */ = {
			isa = XCConfigurationList;
			buildConfigurations = (
				E01314D725C7F64B0024EF84 /* Debug */,
				E01314D825C7F64B0024EF84 /* Release */,
			);
			defaultConfigurationIsVisible = 0;
			defaultConfigurationName = Release;
		};
		E0C74C4A25F84741001A3B64 /* Build configuration list for PBXNativeTarget "Quizit-watchOS Extension" */ = {
			isa = XCConfigurationList;
			buildConfigurations = (
				E0C74C4B25F84741001A3B64 /* Debug */,
				E0C74C4C25F84741001A3B64 /* Release */,
			);
			defaultConfigurationIsVisible = 0;
			defaultConfigurationName = Release;
		};
		E0C74C4E25F84741001A3B64 /* Build configuration list for PBXNativeTarget "Quizit-watchOS" */ = {
			isa = XCConfigurationList;
			buildConfigurations = (
				E0C74C4F25F84741001A3B64 /* Debug */,
				E0C74C5025F84741001A3B64 /* Release */,
			);
			defaultConfigurationIsVisible = 0;
			defaultConfigurationName = Release;
		};
/* End XCConfigurationList section */

/* Begin XCVersionGroup section */
		E013147625C7EE260024EF84 /* Quizit.xcdatamodeld */ = {
			isa = XCVersionGroup;
			children = (
				E013147725C7EE260024EF84 /* Quizit.xcdatamodel */,
			);
			currentVersion = E013147725C7EE260024EF84 /* Quizit.xcdatamodel */;
			path = Quizit.xcdatamodeld;
			sourceTree = "<group>";
			versionGroupType = wrapper.xcdatamodel;
		};
/* End XCVersionGroup section */
	};
	rootObject = E013146025C7EE230024EF84 /* Project object */;
}
